
Microsoft Visual Studio Solution File, Format Version 11.00
# Visual Studio 2010
Project("{FAE04EC0-301F-11D3-BF4B-00C04F79EFBC}") = "Assembly-CSharp", "Assembly-CSharp.csproj", "{85E44FBF-6924-F813-CCE1-95C293524773}"
EndProject
Project("{FAE04EC0-301F-11D3-BF4B-00C04F79EFBC}") = "GoogleMobileAds", "GoogleMobileAds.csproj", "{8E49D6C8-02BF-0860-74B6-9DFA7F43246C}"
EndProject
Project("{FAE04EC0-301F-11D3-BF4B-00C04F79EFBC}") = "Assembly-CSharp-firstpass", "Assembly-CSharp-firstpass.csproj", "{6D9BC9A0-89FA-617D-E84C-489028C1605E}"
EndProject
Project("{FAE04EC0-301F-11D3-BF4B-00C04F79EFBC}") = "Assembly-CSharp-Editor-firstpass", "Assembly-CSharp-Editor-firstpass.csproj", "{C828DB45-F3F7-B8E0-99A1-6E13750FC15C}"
EndProject
Project("{FAE04EC0-301F-11D3-BF4B-00C04F79EFBC}") = "Assembly-CSharp-Editor", "Assembly-CSharp-Editor.csproj", "{ADBC14DB-B457-A23D-AA35-25138E6781A7}"
EndProject
Project("{FAE04EC0-301F-11D3-BF4B-00C04F79EFBC}") = "GoogleMobileAds.Editor", "GoogleMobileAds.Editor.csproj", "{8CB24F23-BF0B-F809-7CB1-9948B73A2B1A}"
EndProject
Global
	GlobalSection(SolutionConfigurationPlatforms) = preSolution
		Debug|Any CPU = Debug|Any CPU
		Release|Any CPU = Release|Any CPU
	EndGlobalSection
	GlobalSection(ProjectConfigurationPlatforms) = postSolution
		{85E44FBF-6924-F813-CCE1-95C293524773}.Debug|Any CPU.ActiveCfg = Debug|Any CPU
		{85E44FBF-6924-F813-CCE1-95C293524773}.Debug|Any CPU.Build.0 = Debug|Any CPU
		{85E44FBF-6924-F813-CCE1-95C293524773}.Release|Any CPU.ActiveCfg = Release|Any CPU
		{85E44FBF-6924-F813-CCE1-95C293524773}.Release|Any CPU.Build.0 = Release|Any CPU
		{8E49D6C8-02BF-0860-74B6-9DFA7F43246C}.Debug|Any CPU.ActiveCfg = Debug|Any CPU
		{8E49D6C8-02BF-0860-74B6-9DFA7F43246C}.Debug|Any CPU.Build.0 = Debug|Any CPU
		{8E49D6C8-02BF-0860-74B6-9DFA7F43246C}.Release|Any CPU.ActiveCfg = Release|Any CPU
		{8E49D6C8-02BF-0860-74B6-9DFA7F43246C}.Release|Any CPU.Build.0 = Release|Any CPU
		{6D9BC9A0-89FA-617D-E84C-489028C1605E}.Debug|Any CPU.ActiveCfg = Debug|Any CPU
		{6D9BC9A0-89FA-617D-E84C-489028C1605E}.Debug|Any CPU.Build.0 = Debug|Any CPU
		{6D9BC9A0-89FA-617D-E84C-489028C1605E}.Release|Any CPU.ActiveCfg = Release|Any CPU
		{6D9BC9A0-89FA-617D-E84C-489028C1605E}.Release|Any CPU.Build.0 = Release|Any CPU
		{C828DB45-F3F7-B8E0-99A1-6E13750FC15C}.Debug|Any CPU.ActiveCfg = Debug|Any CPU
		{C828DB45-F3F7-B8E0-99A1-6E13750FC15C}.Debug|Any CPU.Build.0 = Debug|Any CPU
		{C828DB45-F3F7-B8E0-99A1-6E13750FC15C}.Release|Any CPU.ActiveCfg = Release|Any CPU
		{C828DB45-F3F7-B8E0-99A1-6E13750FC15C}.Release|Any CPU.Build.0 = Release|Any CPU
		{ADBC14DB-B457-A23D-AA35-25138E6781A7}.Debug|Any CPU.ActiveCfg = Debug|Any CPU
		{ADBC14DB-B457-A23D-AA35-25138E6781A7}.Debug|Any CPU.Build.0 = Debug|Any CPU
		{ADBC14DB-B457-A23D-AA35-25138E6781A7}.Release|Any CPU.ActiveCfg = Release|Any CPU
		{ADBC14DB-B457-A23D-AA35-25138E6781A7}.Release|Any CPU.Build.0 = Release|Any CPU
		{8CB24F23-BF0B-F809-7CB1-9948B73A2B1A}.Debug|Any CPU.ActiveCfg = Debug|Any CPU
		{8CB24F23-BF0B-F809-7CB1-9948B73A2B1A}.Debug|Any CPU.Build.0 = Debug|Any CPU
		{8CB24F23-BF0B-F809-7CB1-9948B73A2B1A}.Release|Any CPU.ActiveCfg = Release|Any CPU
		{8CB24F23-BF0B-F809-7CB1-9948B73A2B1A}.Release|Any CPU.Build.0 = Release|Any CPU
	EndGlobalSection
	GlobalSection(SolutionProperties) = preSolution
		HideSolutionNode = FALSE
	EndGlobalSection
	GlobalSection(MonoDevelopProperties) = preSolution
		StartupItem = Assembly-CSharp.csproj
	EndGlobalSection
EndGlobal
